
Microsoft Visual Studio Solution File, Format Version 12.00
# Visual Studio Version 16
VisualStudioVersion = 16.0.31515.178
MinimumVisualStudioVersion = 10.0.40219.1
Project("{FAE04EC0-301F-11D3-BF4B-00C04F79EFBC}") = "MediaGeralPoo", "MediaGeralPoo.csproj", "{28B4FA5E-A3D9-40FD-9876-20127018822B}"
EndProject
Global
	GlobalSection(SolutionConfigurationPlatforms) = preSolution
		Debug|Any CPU = Debug|Any CPU
		Release|Any CPU = Release|Any CPU
	EndGlobalSection
	GlobalSection(ProjectConfigurationPlatforms) = postSolution
		{28B4FA5E-A3D9-40FD-9876-20127018822B}.Debug|Any CPU.ActiveCfg = Debug|Any CPU
		{28B4FA5E-A3D9-40FD-9876-20127018822B}.Debug|Any CPU.Build.0 = Debug|Any CPU
		{28B4FA5E-A3D9-40FD-9876-20127018822B}.Release|Any CPU.ActiveCfg = Release|Any CPU
		{28B4FA5E-A3D9-40FD-9876-20127018822B}.Release|Any CPU.Build.0 = Release|Any CPU
	EndGlobalSection
	GlobalSection(SolutionProperties) = preSolution
		HideSolutionNode = FALSE
	EndGlobalSection
	GlobalSection(ExtensibilityGlobals) = postSolution
		SolutionGuid = {2DE8F4F2-364A-44A0-BFB2-F4FD7A341882}
	EndGlobalSection
EndGlobal
